
Microsoft Visual Studio Solution File, Format Version 12.00
# Visual Studio 15
VisualStudioVersion = 15.0.27703.2035
MinimumVisualStudioVersion = 10.0.40219.1
Project("{FAE04EC0-301F-11D3-BF4B-00C04F79EFBC}") = "Chain_Of_Responsibility", "Chain_Of_Responsibility\Chain_Of_Responsibility.csproj", "{89217B42-B6F4-4DEC-98E6-9D2497066077}"
EndProject
Global
	GlobalSection(SolutionConfigurationPlatforms) = preSolution
		Debug|Any CPU = Debug|Any CPU
		Release|Any CPU = Release|Any CPU
	EndGlobalSection
	GlobalSection(ProjectConfigurationPlatforms) = postSolution
		{89217B42-B6F4-4DEC-98E6-9D2497066077}.Debug|Any CPU.ActiveCfg = Debug|Any CPU
		{89217B42-B6F4-4DEC-98E6-9D2497066077}.Debug|Any CPU.Build.0 = Debug|Any CPU
		{89217B42-B6F4-4DEC-98E6-9D2497066077}.Release|Any CPU.ActiveCfg = Release|Any CPU
		{89217B42-B6F4-4DEC-98E6-9D2497066077}.Release|Any CPU.Build.0 = Release|Any CPU
	EndGlobalSection
	GlobalSection(SolutionProperties) = preSolution
		HideSolutionNode = FALSE
	EndGlobalSection
	GlobalSection(ExtensibilityGlobals) = postSolution
		SolutionGuid = {0EC1FD88-A98C-423F-84E9-ED9F4D6FA906}
	EndGlobalSection
EndGlobal
